// !$*UTF8*$!
{
	archiveVersion = 1;
	classes = {
	};
	objectVersion = 56;
	objects = {

/* Begin PBXFileReference section */
		90F649DA2D10BAC400531E56 /* Nutrition Label.txt */ = {isa = PBXFileReference; lastKnownFileType = text; path = "Nutrition Label.txt"; sourceTree = "<group>"; };
		90F649DB2D10BACB00531E56 /* index.html */ = {isa = PBXFileReference; lastKnownFileType = text.html; path = index.html; sourceTree = "<group>"; };
		90F649DC2D10BAE000531E56 /* styles.css */ = {isa = PBXFileReference; lastKnownFileType = text.css; path = styles.css; sourceTree = "<group>"; };
/* End PBXFileReference section */

/* Begin PBXGroup section */
		90F649D32D10BAA700531E56 = {
			isa = PBXGroup;
			children = (
				90F649DC2D10BAE000531E56 /* styles.css */,
				90F649DB2D10BACB00531E56 /* index.html */,
				90F649DA2D10BAC400531E56 /* Nutrition Label.txt */,
			);
			sourceTree = "<group>";
		};
/* End PBXGroup section */

/* Begin PBXProject section */
		90F649D42D10BAA700531E56 /* Project object */ = {
			isa = PBXProject;
			attributes = {
				BuildIndependentTargetsInParallel = 1;
				LastUpgradeCheck = 1520;
			};
			buildConfigurationList = 90F649D72D10BAA700531E56 /* Build configuration list for PBXProject "Nutrition Label" */;
			compatibilityVersion = "Xcode 14.0";
			developmentRegion = en;
			hasScannedForEncodings = 0;
			knownRegions = (
				en,
				Base,
			);
			mainGroup = 90F649D32D10BAA700531E56;
			projectDirPath = "";
			projectRoot = "";
			targets = (
			);
		};
/* End PBXProject section */

/* Begin XCBuildConfiguration section */
		90F649D82D10BAA700531E56 /* Debug */ = {
			isa = XCBuildConfiguration;
			buildSettings = {
			};
			name = Debug;
		};
		90F649D92D10BAA700531E56 /* Release */ = {
			isa = XCBuildConfiguration;
			buildSettings = {
			};
			name = Release;
		};
/* End XCBuildConfiguration section */

/* Begin XCConfigurationList section */
		90F649D72D10BAA700531E56 /* Build configuration list for PBXProject "Nutrition Label" */ = {
			isa = XCConfigurationList;
			buildConfigurations = (
				90F649D82D10BAA700531E56 /* Debug */,
				90F649D92D10BAA700531E56 /* Release */,
			);
			defaultConfigurationIsVisible = 0;
			defaultConfigurationName = Release;
		};
/* End XCConfigurationList section */
	};
	rootObject = 90F649D42D10BAA700531E56 /* Project object */;
}
